
Microsoft Visual Studio Solution File, Format Version 12.00
# Visual Studio Version 17
VisualStudioVersion = 17.0.31825.309
MinimumVisualStudioVersion = 10.0.40219.1
Project("{8BC9CEB8-8B4A-11D0-8D11-00A0C91BC942}") = "07友元", "07友元.vcxproj", "{FFBAD8B7-BBA6-4568-A806-E216F68ABFE3}"
EndProject
Global
	GlobalSection(SolutionConfigurationPlatforms) = preSolution
		Debug|x64 = Debug|x64
		Debug|x86 = Debug|x86
		Release|x64 = Release|x64
		Release|x86 = Release|x86
	EndGlobalSection
	GlobalSection(ProjectConfigurationPlatforms) = postSolution
		{FFBAD8B7-BBA6-4568-A806-E216F68ABFE3}.Debug|x64.ActiveCfg = Debug|x64
		{FFBAD8B7-BBA6-4568-A806-E216F68ABFE3}.Debug|x64.Build.0 = Debug|x64
		{FFBAD8B7-BBA6-4568-A806-E216F68ABFE3}.Debug|x86.ActiveCfg = Debug|Win32
		{FFBAD8B7-BBA6-4568-A806-E216F68ABFE3}.Debug|x86.Build.0 = Debug|Win32
		{FFBAD8B7-BBA6-4568-A806-E216F68ABFE3}.Release|x64.ActiveCfg = Release|x64
		{FFBAD8B7-BBA6-4568-A806-E216F68ABFE3}.Release|x64.Build.0 = Release|x64
		{FFBAD8B7-BBA6-4568-A806-E216F68ABFE3}.Release|x86.ActiveCfg = Release|Win32
		{FFBAD8B7-BBA6-4568-A806-E216F68ABFE3}.Release|x86.Build.0 = Release|Win32
	EndGlobalSection
	GlobalSection(SolutionProperties) = preSolution
		HideSolutionNode = FALSE
	EndGlobalSection
	GlobalSection(ExtensibilityGlobals) = postSolution
		SolutionGuid = {2B4A1362-E059-4F5D-B145-E15AB6E88083}
	EndGlobalSection
EndGlobal
