
Microsoft Visual Studio Solution File, Format Version 12.00
# Visual Studio Version 17
VisualStudioVersion = 17.0.31825.309
MinimumVisualStudioVersion = 10.0.40219.1
Project("{8BC9CEB8-8B4A-11D0-8D11-00A0C91BC942}") = "Astar", "Astar.vcxproj", "{C8633921-AD1C-4285-A45D-43A1929AFF23}"
EndProject
Global
	GlobalSection(SolutionConfigurationPlatforms) = preSolution
		Debug|x64 = Debug|x64
		Debug|x86 = Debug|x86
		Release|x64 = Release|x64
		Release|x86 = Release|x86
	EndGlobalSection
	GlobalSection(ProjectConfigurationPlatforms) = postSolution
		{C8633921-AD1C-4285-A45D-43A1929AFF23}.Debug|x64.ActiveCfg = Debug|x64
		{C8633921-AD1C-4285-A45D-43A1929AFF23}.Debug|x64.Build.0 = Debug|x64
		{C8633921-AD1C-4285-A45D-43A1929AFF23}.Debug|x86.ActiveCfg = Debug|Win32
		{C8633921-AD1C-4285-A45D-43A1929AFF23}.Debug|x86.Build.0 = Debug|Win32
		{C8633921-AD1C-4285-A45D-43A1929AFF23}.Release|x64.ActiveCfg = Release|x64
		{C8633921-AD1C-4285-A45D-43A1929AFF23}.Release|x64.Build.0 = Release|x64
		{C8633921-AD1C-4285-A45D-43A1929AFF23}.Release|x86.ActiveCfg = Release|Win32
		{C8633921-AD1C-4285-A45D-43A1929AFF23}.Release|x86.Build.0 = Release|Win32
	EndGlobalSection
	GlobalSection(SolutionProperties) = preSolution
		HideSolutionNode = FALSE
	EndGlobalSection
	GlobalSection(ExtensibilityGlobals) = postSolution
		SolutionGuid = {BD1EE9B0-4D11-45CF-B159-F807F0745236}
	EndGlobalSection
EndGlobal
